
Microsoft Visual Studio Solution File, Format Version 12.00
Project("{FAE04EC0-301F-11D3-BF4B-00C04F79EFBC}") = "Cw10", "Cw10\Cw10.csproj", "{4C5E54E2-26B0-479D-88BA-2ABCF64E75F2}"
EndProject
Global
	GlobalSection(SolutionConfigurationPlatforms) = preSolution
		Debug|Any CPU = Debug|Any CPU
		Release|Any CPU = Release|Any CPU
	EndGlobalSection
	GlobalSection(ProjectConfigurationPlatforms) = postSolution
		{4C5E54E2-26B0-479D-88BA-2ABCF64E75F2}.Debug|Any CPU.ActiveCfg = Debug|Any CPU
		{4C5E54E2-26B0-479D-88BA-2ABCF64E75F2}.Debug|Any CPU.Build.0 = Debug|Any CPU
		{4C5E54E2-26B0-479D-88BA-2ABCF64E75F2}.Release|Any CPU.ActiveCfg = Release|Any CPU
		{4C5E54E2-26B0-479D-88BA-2ABCF64E75F2}.Release|Any CPU.Build.0 = Release|Any CPU
	EndGlobalSection
EndGlobal
